
Microsoft Visual Studio Solution File, Format Version 12.00
# Visual Studio Version 16
VisualStudioVersion = 16.0.30907.101
MinimumVisualStudioVersion = 10.0.40219.1
Project("{FAE04EC0-301F-11D3-BF4B-00C04F79EFBC}") = "RestServiceConsumer", "RestServiceConsumer\RestServiceConsumer.csproj", "{4D1CF2E7-6D8E-408C-8808-AE16592FA217}"
EndProject
Global
	GlobalSection(SolutionConfigurationPlatforms) = preSolution
		Debug|Any CPU = Debug|Any CPU
		Release|Any CPU = Release|Any CPU
	EndGlobalSection
	GlobalSection(ProjectConfigurationPlatforms) = postSolution
		{4D1CF2E7-6D8E-408C-8808-AE16592FA217}.Debug|Any CPU.ActiveCfg = Debug|Any CPU
		{4D1CF2E7-6D8E-408C-8808-AE16592FA217}.Debug|Any CPU.Build.0 = Debug|Any CPU
		{4D1CF2E7-6D8E-408C-8808-AE16592FA217}.Release|Any CPU.ActiveCfg = Release|Any CPU
		{4D1CF2E7-6D8E-408C-8808-AE16592FA217}.Release|Any CPU.Build.0 = Release|Any CPU
	EndGlobalSection
	GlobalSection(SolutionProperties) = preSolution
		HideSolutionNode = FALSE
	EndGlobalSection
	GlobalSection(ExtensibilityGlobals) = postSolution
		SolutionGuid = {4BAE755A-6C5A-4B74-90D6-CD174ED1573B}
	EndGlobalSection
EndGlobal
